// !$*UTF8*$!
{
	archiveVersion = 1;
	classes = {
	};
	objectVersion = 50;
	objects = {

/* Begin PBXBuildFile section */
		D6F8AE7F25492954002F71E4 /* AppDelegate.swift in Sources */ = {isa = PBXBuildFile; fileRef = D6F8AE7E25492954002F71E4 /* AppDelegate.swift */; };
		D6F8AE8125492954002F71E4 /* SceneDelegate.swift in Sources */ = {isa = PBXBuildFile; fileRef = D6F8AE8025492954002F71E4 /* SceneDelegate.swift */; };
		D6F8AE8325492954002F71E4 /* ViewController.swift in Sources */ = {isa = PBXBuildFile; fileRef = D6F8AE8225492954002F71E4 /* ViewController.swift */; };
		D6F8AE8625492954002F71E4 /* Main.storyboard in Resources */ = {isa = PBXBuildFile; fileRef = D6F8AE8425492954002F71E4 /* Main.storyboard */; };
		D6F8AE8825492956002F71E4 /* Assets.xcassets in Resources */ = {isa = PBXBuildFile; fileRef = D6F8AE8725492956002F71E4 /* Assets.xcassets */; };
		D6F8AE8B25492956002F71E4 /* LaunchScreen.storyboard in Resources */ = {isa = PBXBuildFile; fileRef = D6F8AE8925492956002F71E4 /* LaunchScreen.storyboard */; };
		D6F8AE9625492956002F71E4 /* STMDemoAppTests.swift in Sources */ = {isa = PBXBuildFile; fileRef = D6F8AE9525492956002F71E4 /* STMDemoAppTests.swift */; };
		D6F8AEA125492956002F71E4 /* STMDemoAppUITests.swift in Sources */ = {isa = PBXBuildFile; fileRef = D6F8AEA025492956002F71E4 /* STMDemoAppUITests.swift */; };
/* End PBXBuildFile section */

/* Begin PBXContainerItemProxy section */
		D6F8AE9225492956002F71E4 /* PBXContainerItemProxy */ = {
			isa = PBXContainerItemProxy;
			containerPortal = D6F8AE7325492954002F71E4 /* Project object */;
			proxyType = 1;
			remoteGlobalIDString = D6F8AE7A25492954002F71E4;
			remoteInfo = STMDemoApp;
		};
		D6F8AE9D25492956002F71E4 /* PBXContainerItemProxy */ = {
			isa = PBXContainerItemProxy;
			containerPortal = D6F8AE7325492954002F71E4 /* Project object */;
			proxyType = 1;
			remoteGlobalIDString = D6F8AE7A25492954002F71E4;
			remoteInfo = STMDemoApp;
		};
/* End PBXContainerItemProxy section */

/* Begin PBXFileReference section */
		D6F8AE7B25492954002F71E4 /* STMDemoApp.app */ = {isa = PBXFileReference; explicitFileType = wrapper.application; includeInIndex = 0; path = STMDemoApp.app; sourceTree = BUILT_PRODUCTS_DIR; };
		D6F8AE7E25492954002F71E4 /* AppDelegate.swift */ = {isa = PBXFileReference; lastKnownFileType = sourcecode.swift; path = AppDelegate.swift; sourceTree = "<group>"; };
		D6F8AE8025492954002F71E4 /* SceneDelegate.swift */ = {isa = PBXFileReference; lastKnownFileType = sourcecode.swift; path = SceneDelegate.swift; sourceTree = "<group>"; };
		D6F8AE8225492954002F71E4 /* ViewController.swift */ = {isa = PBXFileReference; lastKnownFileType = sourcecode.swift; path = ViewController.swift; sourceTree = "<group>"; };
		D6F8AE8525492954002F71E4 /* Base */ = {isa = PBXFileReference; lastKnownFileType = file.storyboard; name = Base; path = Base.lproj/Main.storyboard; sourceTree = "<group>"; };
		D6F8AE8725492956002F71E4 /* Assets.xcassets */ = {isa = PBXFileReference; lastKnownFileType = folder.assetcatalog; path = Assets.xcassets; sourceTree = "<group>"; };
		D6F8AE8A25492956002F71E4 /* Base */ = {isa = PBXFileReference; lastKnownFileType = file.storyboard; name = Base; path = Base.lproj/LaunchScreen.storyboard; sourceTree = "<group>"; };
		D6F8AE8C25492956002F71E4 /* Info.plist */ = {isa = PBXFileReference; lastKnownFileType = text.plist.xml; path = Info.plist; sourceTree = "<group>"; };
		D6F8AE9125492956002F71E4 /* STMDemoAppTests.xctest */ = {isa = PBXFileReference; explicitFileType = wrapper.cfbundle; includeInIndex = 0; path = STMDemoAppTests.xctest; sourceTree = BUILT_PRODUCTS_DIR; };
		D6F8AE9525492956002F71E4 /* STMDemoAppTests.swift */ = {isa = PBXFileReference; lastKnownFileType = sourcecode.swift; path = STMDemoAppTests.swift; sourceTree = "<group>"; };
		D6F8AE9725492956002F71E4 /* Info.plist */ = {isa = PBXFileReference; lastKnownFileType = text.plist.xml; path = Info.plist; sourceTree = "<group>"; };
		D6F8AE9C25492956002F71E4 /* STMDemoAppUITests.xctest */ = {isa = PBXFileReference; explicitFileType = wrapper.cfbundle; includeInIndex = 0; path = STMDemoAppUITests.xctest; sourceTree = BUILT_PRODUCTS_DIR; };
		D6F8AEA025492956002F71E4 /* STMDemoAppUITests.swift */ = {isa = PBXFileReference; lastKnownFileType = sourcecode.swift; path = STMDemoAppUITests.swift; sourceTree = "<group>"; };
		D6F8AEA225492956002F71E4 /* Info.plist */ = {isa = PBXFileReference; lastKnownFileType = text.plist.xml; path = Info.plist; sourceTree = "<group>"; };
/* End PBXFileReference section */

/* Begin PBXFrameworksBuildPhase section */
		D6F8AE7825492954002F71E4 /* Frameworks */ = {
			isa = PBXFrameworksBuildPhase;
			buildActionMask = 2147483647;
			files = (
			);
			runOnlyForDeploymentPostprocessing = 0;
		};
		D6F8AE8E25492956002F71E4 /* Frameworks */ = {
			isa = PBXFrameworksBuildPhase;
			buildActionMask = 2147483647;
			files = (
			);
			runOnlyForDeploymentPostprocessing = 0;
		};
		D6F8AE9925492956002F71E4 /* Frameworks */ = {
			isa = PBXFrameworksBuildPhase;
			buildActionMask = 2147483647;
			files = (
			);
			runOnlyForDeploymentPostprocessing = 0;
		};
/* End PBXFrameworksBuildPhase section */

/* Begin PBXGroup section */
		D6F8AE7225492954002F71E4 = {
			isa = PBXGroup;
			children = (
				D6F8AE7D25492954002F71E4 /* STMDemoApp */,
				D6F8AE9425492956002F71E4 /* STMDemoAppTests */,
				D6F8AE9F25492956002F71E4 /* STMDemoAppUITests */,
				D6F8AE7C25492954002F71E4 /* Products */,
			);
			sourceTree = "<group>";
		};
		D6F8AE7C25492954002F71E4 /* Products */ = {
			isa = PBXGroup;
			children = (
				D6F8AE7B25492954002F71E4 /* STMDemoApp.app */,
				D6F8AE9125492956002F71E4 /* STMDemoAppTests.xctest */,
				D6F8AE9C25492956002F71E4 /* STMDemoAppUITests.xctest */,
			);
			name = Products;
			sourceTree = "<group>";
		};
		D6F8AE7D25492954002F71E4 /* STMDemoApp */ = {
			isa = PBXGroup;
			children = (
				D6F8AE7E25492954002F71E4 /* AppDelegate.swift */,
				D6F8AE8025492954002F71E4 /* SceneDelegate.swift */,
				D6F8AE8225492954002F71E4 /* ViewController.swift */,
				D6F8AE8425492954002F71E4 /* Main.storyboard */,
				D6F8AE8725492956002F71E4 /* Assets.xcassets */,
				D6F8AE8925492956002F71E4 /* LaunchScreen.storyboard */,
				D6F8AE8C25492956002F71E4 /* Info.plist */,
			);
			path = STMDemoApp;
			sourceTree = "<group>";
		};
		D6F8AE9425492956002F71E4 /* STMDemoAppTests */ = {
			isa = PBXGroup;
			children = (
				D6F8AE9525492956002F71E4 /* STMDemoAppTests.swift */,
				D6F8AE9725492956002F71E4 /* Info.plist */,
			);
			path = STMDemoAppTests;
			sourceTree = "<group>";
		};
		D6F8AE9F25492956002F71E4 /* STMDemoAppUITests */ = {
			isa = PBXGroup;
			children = (
				D6F8AEA025492956002F71E4 /* STMDemoAppUITests.swift */,
				D6F8AEA225492956002F71E4 /* Info.plist */,
			);
			path = STMDemoAppUITests;
			sourceTree = "<group>";
		};
/* End PBXGroup section */

/* Begin PBXNativeTarget section */
		D6F8AE7A25492954002F71E4 /* STMDemoApp */ = {
			isa = PBXNativeTarget;
			buildConfigurationList = D6F8AEA525492956002F71E4 /* Build configuration list for PBXNativeTarget "STMDemoApp" */;
			buildPhases = (
				D6F8AE7725492954002F71E4 /* Sources */,
				D6F8AE7825492954002F71E4 /* Frameworks */,
				D6F8AE7925492954002F71E4 /* Resources */,
			);
			buildRules = (
			);
			dependencies = (
			);
			name = STMDemoApp;
			productName = STMDemoApp;
			productReference = D6F8AE7B25492954002F71E4 /* STMDemoApp.app */;
			productType = "com.apple.product-type.application";
		};
		D6F8AE9025492956002F71E4 /* STMDemoAppTests */ = {
			isa = PBXNativeTarget;
			buildConfigurationList = D6F8AEA825492956002F71E4 /* Build configuration list for PBXNativeTarget "STMDemoAppTests" */;
			buildPhases = (
				D6F8AE8D25492956002F71E4 /* Sources */,
				D6F8AE8E25492956002F71E4 /* Frameworks */,
				D6F8AE8F25492956002F71E4 /* Resources */,
			);
			buildRules = (
			);
			dependencies = (
				D6F8AE9325492956002F71E4 /* PBXTargetDependency */,
			);
			name = STMDemoAppTests;
			productName = STMDemoAppTests;
			productReference = D6F8AE9125492956002F71E4 /* STMDemoAppTests.xctest */;
			productType = "com.apple.product-type.bundle.unit-test";
		};
		D6F8AE9B25492956002F71E4 /* STMDemoAppUITests */ = {
			isa = PBXNativeTarget;
			buildConfigurationList = D6F8AEAB25492956002F71E4 /* Build configuration list for PBXNativeTarget "STMDemoAppUITests" */;
			buildPhases = (
				D6F8AE9825492956002F71E4 /* Sources */,
				D6F8AE9925492956002F71E4 /* Frameworks */,
				D6F8AE9A25492956002F71E4 /* Resources */,
			);
			buildRules = (
			);
			dependencies = (
				D6F8AE9E25492956002F71E4 /* PBXTargetDependency */,
			);
			name = STMDemoAppUITests;
			productName = STMDemoAppUITests;
			productReference = D6F8AE9C25492956002F71E4 /* STMDemoAppUITests.xctest */;
			productType = "com.apple.product-type.bundle.ui-testing";
		};
/* End PBXNativeTarget section */

/* Begin PBXProject section */
		D6F8AE7325492954002F71E4 /* Project object */ = {
			isa = PBXProject;
			attributes = {
				LastSwiftUpdateCheck = 1200;
				LastUpgradeCheck = 1200;
				TargetAttributes = {
					D6F8AE7A25492954002F71E4 = {
						CreatedOnToolsVersion = 12.0.1;
					};
					D6F8AE9025492956002F71E4 = {
						CreatedOnToolsVersion = 12.0.1;
						TestTargetID = D6F8AE7A25492954002F71E4;
					};
					D6F8AE9B25492956002F71E4 = {
						CreatedOnToolsVersion = 12.0.1;
						TestTargetID = D6F8AE7A25492954002F71E4;
					};
				};
			};
			buildConfigurationList = D6F8AE7625492954002F71E4 /* Build configuration list for PBXProject "STMDemoApp" */;
			compatibilityVersion = "Xcode 9.3";
			developmentRegion = en;
			hasScannedForEncodings = 0;
			knownRegions = (
				en,
				Base,
			);
			mainGroup = D6F8AE7225492954002F71E4;
			productRefGroup = D6F8AE7C25492954002F71E4 /* Products */;
			projectDirPath = "";
			projectRoot = "";
			targets = (
				D6F8AE7A25492954002F71E4 /* STMDemoApp */,
				D6F8AE9025492956002F71E4 /* STMDemoAppTests */,
				D6F8AE9B25492956002F71E4 /* STMDemoAppUITests */,
			);
		};
/* End PBXProject section */

/* Begin PBXResourcesBuildPhase section */
		D6F8AE7925492954002F71E4 /* Resources */ = {
			isa = PBXResourcesBuildPhase;
			buildActionMask = 2147483647;
			files = (
				D6F8AE8B25492956002F71E4 /* LaunchScreen.storyboard in Resources */,
				D6F8AE8825492956002F71E4 /* Assets.xcassets in Resources */,
				D6F8AE8625492954002F71E4 /* Main.storyboard in Resources */,
			);
			runOnlyForDeploymentPostprocessing = 0;
		};
		D6F8AE8F25492956002F71E4 /* Resources */ = {
			isa = PBXResourcesBuildPhase;
			buildActionMask = 2147483647;
			files = (
			);
			runOnlyForDeploymentPostprocessing = 0;
		};
		D6F8AE9A25492956002F71E4 /* Resources */ = {
			isa = PBXResourcesBuildPhase;
			buildActionMask = 2147483647;
			files = (
			);
			runOnlyForDeploymentPostprocessing = 0;
		};
/* End PBXResourcesBuildPhase section */

/* Begin PBXSourcesBuildPhase section */
		D6F8AE7725492954002F71E4 /* Sources */ = {
			isa = PBXSourcesBuildPhase;
			buildActionMask = 2147483647;
			files = (
				D6F8AE8325492954002F71E4 /* ViewController.swift in Sources */,
				D6F8AE7F25492954002F71E4 /* AppDelegate.swift in Sources */,
				D6F8AE8125492954002F71E4 /* SceneDelegate.swift in Sources */,
			);
			runOnlyForDeploymentPostprocessing = 0;
		};
		D6F8AE8D25492956002F71E4 /* Sources */ = {
			isa = PBXSourcesBuildPhase;
			buildActionMask = 2147483647;
			files = (
				D6F8AE9625492956002F71E4 /* STMDemoAppTests.swift in Sources */,
			);
			runOnlyForDeploymentPostprocessing = 0;
		};
		D6F8AE9825492956002F71E4 /* Sources */ = {
			isa = PBXSourcesBuildPhase;
			buildActionMask = 2147483647;
			files = (
				D6F8AEA125492956002F71E4 /* STMDemoAppUITests.swift in Sources */,
			);
			runOnlyForDeploymentPostprocessing = 0;
		};
/* End PBXSourcesBuildPhase section */

/* Begin PBXTargetDependency section */
		D6F8AE9325492956002F71E4 /* PBXTargetDependency */ = {
			isa = PBXTargetDependency;
			target = D6F8AE7A25492954002F71E4 /* STMDemoApp */;
			targetProxy = D6F8AE9225492956002F71E4 /* PBXContainerItemProxy */;
		};
		D6F8AE9E25492956002F71E4 /* PBXTargetDependency */ = {
			isa = PBXTargetDependency;
			target = D6F8AE7A25492954002F71E4 /* STMDemoApp */;
			targetProxy = D6F8AE9D25492956002F71E4 /* PBXContainerItemProxy */;
		};
/* End PBXTargetDependency section */

/* Begin PBXVariantGroup section */
		D6F8AE8425492954002F71E4 /* Main.storyboard */ = {
			isa = PBXVariantGroup;
			children = (
				D6F8AE8525492954002F71E4 /* Base */,
			);
			name = Main.storyboard;
			sourceTree = "<group>";
		};
		D6F8AE8925492956002F71E4 /* LaunchScreen.storyboard */ = {
			isa = PBXVariantGroup;
			children = (
				D6F8AE8A25492956002F71E4 /* Base */,
			);
			name = LaunchScreen.storyboard;
			sourceTree = "<group>";
		};
/* End PBXVariantGroup section */

/* Begin XCBuildConfiguration section */
		D6F8AEA325492956002F71E4 /* Debug */ = {
			isa = XCBuildConfiguration;
			buildSettings = {
				ALWAYS_SEARCH_USER_PATHS = NO;
				CLANG_ANALYZER_NONNULL = YES;
				CLANG_ANALYZER_NUMBER_OBJECT_CONVERSION = YES_AGGRESSIVE;
				CLANG_CXX_LANGUAGE_STANDARD = "gnu++14";
				CLANG_CXX_LIBRARY = "libc++";
				CLANG_ENABLE_MODULES = YES;
				CLANG_ENABLE_OBJC_ARC = YES;
				CLANG_ENABLE_OBJC_WEAK = YES;
				CLANG_WARN_BLOCK_CAPTURE_AUTORELEASING = YES;
				CLANG_WARN_BOOL_CONVERSION = YES;
				CLANG_WARN_COMMA = YES;
				CLANG_WARN_CONSTANT_CONVERSION = YES;
				CLANG_WARN_DEPRECATED_OBJC_IMPLEMENTATIONS = YES;
				CLANG_WARN_DIRECT_OBJC_ISA_USAGE = YES_ERROR;
				CLANG_WARN_DOCUMENTATION_COMMENTS = YES;
				CLANG_WARN_EMPTY_BODY = YES;
				CLANG_WARN_ENUM_CONVERSION = YES;
				CLANG_WARN_INFINITE_RECURSION = YES;
				CLANG_WARN_INT_CONVERSION = YES;
				CLANG_WARN_NON_LITERAL_NULL_CONVERSION = YES;
				CLANG_WARN_OBJC_IMPLICIT_RETAIN_SELF = YES;
				CLANG_WARN_OBJC_LITERAL_CONVERSION = YES;
				CLANG_WARN_OBJC_ROOT_CLASS = YES_ERROR;
				CLANG_WARN_QUOTED_INCLUDE_IN_FRAMEWORK_HEADER = YES;
				CLANG_WARN_RANGE_LOOP_ANALYSIS = YES;
				CLANG_WARN_STRICT_PROTOTYPES = YES;
				CLANG_WARN_SUSPICIOUS_MOVE = YES;
				CLANG_WARN_UNGUARDED_AVAILABILITY = YES_AGGRESSIVE;
				CLANG_WARN_UNREACHABLE_CODE = YES;
				CLANG_WARN__DUPLICATE_METHOD_MATCH = YES;
				COPY_PHASE_STRIP = NO;
				DEBUG_INFORMATION_FORMAT = dwarf;
				ENABLE_STRICT_OBJC_MSGSEND = YES;
				ENABLE_TESTABILITY = YES;
				GCC_C_LANGUAGE_STANDARD = gnu11;
				GCC_DYNAMIC_NO_PIC = NO;
				GCC_NO_COMMON_BLOCKS = YES;
				GCC_OPTIMIZATION_LEVEL = 0;
				GCC_PREPROCESSOR_DEFINITIONS = (
					"DEBUG=1",
					"$(inherited)",
				);
				GCC_WARN_64_TO_32_BIT_CONVERSION = YES;
				GCC_WARN_ABOUT_RETURN_TYPE = YES_ERROR;
				GCC_WARN_UNDECLARED_SELECTOR = YES;
				GCC_WARN_UNINITIALIZED_AUTOS = YES_AGGRESSIVE;
				GCC_WARN_UNUSED_FUNCTION = YES;
				GCC_WARN_UNUSED_VARIABLE = YES;
				IPHONEOS_DEPLOYMENT_TARGET = 14.0;
				MTL_ENABLE_DEBUG_INFO = INCLUDE_SOURCE;
				MTL_FAST_MATH = YES;
				ONLY_ACTIVE_ARCH = YES;
				SDKROOT = iphoneos;
				SWIFT_ACTIVE_COMPILATION_CONDITIONS = DEBUG;
				SWIFT_OPTIMIZATION_LEVEL = "-Onone";
			};
			name = Debug;
		};
		D6F8AEA425492956002F71E4 /* Release */ = {
			isa = XCBuildConfiguration;
			buildSettings = {
				ALWAYS_SEARCH_USER_PATHS = NO;
				CLANG_ANALYZER_NONNULL = YES;
				CLANG_ANALYZER_NUMBER_OBJECT_CONVERSION = YES_AGGRESSIVE;
				CLANG_CXX_LANGUAGE_STANDARD = "gnu++14";
				CLANG_CXX_LIBRARY = "libc++";
				CLANG_ENABLE_MODULES = YES;
				CLANG_ENABLE_OBJC_ARC = YES;
				CLANG_ENABLE_OBJC_WEAK = YES;
				CLANG_WARN_BLOCK_CAPTURE_AUTORELEASING = YES;
				CLANG_WARN_BOOL_CONVERSION = YES;
				CLANG_WARN_COMMA = YES;
				CLANG_WARN_CONSTANT_CONVERSION = YES;
				CLANG_WARN_DEPRECATED_OBJC_IMPLEMENTATIONS = YES;
				CLANG_WARN_DIRECT_OBJC_ISA_USAGE = YES_ERROR;
				CLANG_WARN_DOCUMENTATION_COMMENTS = YES;
				CLANG_WARN_EMPTY_BODY = YES;
				CLANG_WARN_ENUM_CONVERSION = YES;
				CLANG_WARN_INFINITE_RECURSION = YES;
				CLANG_WARN_INT_CONVERSION = YES;
				CLANG_WARN_NON_LITERAL_NULL_CONVERSION = YES;
				CLANG_WARN_OBJC_IMPLICIT_RETAIN_SELF = YES;
				CLANG_WARN_OBJC_LITERAL_CONVERSION = YES;
				CLANG_WARN_OBJC_ROOT_CLASS = YES_ERROR;
				CLANG_WARN_QUOTED_INCLUDE_IN_FRAMEWORK_HEADER = YES;
				CLANG_WARN_RANGE_LOOP_ANALYSIS = YES;
				CLANG_WARN_STRICT_PROTOTYPES = YES;
				CLANG_WARN_SUSPICIOUS_MOVE = YES;
				CLANG_WARN_UNGUARDED_AVAILABILITY = YES_AGGRESSIVE;
				CLANG_WARN_UNREACHABLE_CODE = YES;
				CLANG_WARN__DUPLICATE_METHOD_MATCH = YES;
				COPY_PHASE_STRIP = NO;
				DEBUG_INFORMATION_FORMAT = "dwarf-with-dsym";
				ENABLE_NS_ASSERTIONS = NO;
				ENABLE_STRICT_OBJC_MSGSEND = YES;
				GCC_C_LANGUAGE_STANDARD = gnu11;
				GCC_NO_COMMON_BLOCKS = YES;
				GCC_WARN_64_TO_32_BIT_CONVERSION = YES;
				GCC_WARN_ABOUT_RETURN_TYPE = YES_ERROR;
				GCC_WARN_UNDECLARED_SELECTOR = YES;
				GCC_WARN_UNINITIALIZED_AUTOS = YES_AGGRESSIVE;
				GCC_WARN_UNUSED_FUNCTION = YES;
				GCC_WARN_UNUSED_VARIABLE = YES;
				IPHONEOS_DEPLOYMENT_TARGET = 14.0;
				MTL_ENABLE_DEBUG_INFO = NO;
				MTL_FAST_MATH = YES;
				SDKROOT = iphoneos;
				SWIFT_COMPILATION_MODE = wholemodule;
				SWIFT_OPTIMIZATION_LEVEL = "-O";
				VALIDATE_PRODUCT = YES;
			};
			name = Release;
		};
		D6F8AEA625492956002F71E4 /* Debug */ = {
			isa = XCBuildConfiguration;
			buildSettings = {
				ASSETCATALOG_COMPILER_APPICON_NAME = AppIcon;
				ASSETCATALOG_COMPILER_GLOBAL_ACCENT_COLOR_NAME = AccentColor;
				CODE_SIGN_STYLE = Automatic;
				INFOPLIST_FILE = STMDemoApp/Info.plist;
				LD_RUNPATH_SEARCH_PATHS = (
					"$(inherited)",
					"@executable_path/Frameworks",
				);
				PRODUCT_BUNDLE_IDENTIFIER = Anonymous.STMDemoApp;
				PRODUCT_NAME = "$(TARGET_NAME)";
				SWIFT_VERSION = 5.0;
				TARGETED_DEVICE_FAMILY = "1,2";
			};
			name = Debug;
		};
		D6F8AEA725492956002F71E4 /* Release */ = {
			isa = XCBuildConfiguration;
			buildSettings = {
				ASSETCATALOG_COMPILER_APPICON_NAME = AppIcon;
				ASSETCATALOG_COMPILER_GLOBAL_ACCENT_COLOR_NAME = AccentColor;
				CODE_SIGN_STYLE = Automatic;
				INFOPLIST_FILE = STMDemoApp/Info.plist;
				LD_RUNPATH_SEARCH_PATHS = (
					"$(inherited)",
					"@executable_path/Frameworks",
				);
				PRODUCT_BUNDLE_IDENTIFIER = Anonymous.STMDemoApp;
				PRODUCT_NAME = "$(TARGET_NAME)";
				SWIFT_VERSION = 5.0;
				TARGETED_DEVICE_FAMILY = "1,2";
			};
			name = Release;
		};
		D6F8AEA925492956002F71E4 /* Debug */ = {
			isa = XCBuildConfiguration;
			buildSettings = {
				ALWAYS_EMBED_SWIFT_STANDARD_LIBRARIES = YES;
				BUNDLE_LOADER = "$(TEST_HOST)";
				CODE_SIGN_STYLE = Automatic;
				INFOPLIST_FILE = STMDemoAppTests/Info.plist;
				IPHONEOS_DEPLOYMENT_TARGET = 14.0;
				LD_RUNPATH_SEARCH_PATHS = (
					"$(inherited)",
					"@executable_path/Frameworks",
					"@loader_path/Frameworks",
				);
				PRODUCT_BUNDLE_IDENTIFIER = Anonymous.STMDemoAppTests;
				PRODUCT_NAME = "$(TARGET_NAME)";
				SWIFT_VERSION = 5.0;
				TARGETED_DEVICE_FAMILY = "1,2";
				TEST_HOST = "$(BUILT_PRODUCTS_DIR)/STMDemoApp.app/STMDemoApp";
			};
			name = Debug;
		};
		D6F8AEAA25492956002F71E4 /* Release */ = {
			isa = XCBuildConfiguration;
			buildSettings = {
				ALWAYS_EMBED_SWIFT_STANDARD_LIBRARIES = YES;
				BUNDLE_LOADER = "$(TEST_HOST)";
				CODE_SIGN_STYLE = Automatic;
				INFOPLIST_FILE = STMDemoAppTests/Info.plist;
				IPHONEOS_DEPLOYMENT_TARGET = 14.0;
				LD_RUNPATH_SEARCH_PATHS = (
					"$(inherited)",
					"@executable_path/Frameworks",
					"@loader_path/Frameworks",
				);
				PRODUCT_BUNDLE_IDENTIFIER = Anonymous.STMDemoAppTests;
				PRODUCT_NAME = "$(TARGET_NAME)";
				SWIFT_VERSION = 5.0;
				TARGETED_DEVICE_FAMILY = "1,2";
				TEST_HOST = "$(BUILT_PRODUCTS_DIR)/STMDemoApp.app/STMDemoApp";
			};
			name = Release;
		};
		D6F8AEAC25492956002F71E4 /* Debug */ = {
			isa = XCBuildConfiguration;
			buildSettings = {
				ALWAYS_EMBED_SWIFT_STANDARD_LIBRARIES = YES;
				CODE_SIGN_STYLE = Automatic;
				INFOPLIST_FILE = STMDemoAppUITests/Info.plist;
				LD_RUNPATH_SEARCH_PATHS = (
					"$(inherited)",
					"@executable_path/Frameworks",
					"@loader_path/Frameworks",
				);
				PRODUCT_BUNDLE_IDENTIFIER = Anonymous.STMDemoAppUITests;
				PRODUCT_NAME = "$(TARGET_NAME)";
				SWIFT_VERSION = 5.0;
				TARGETED_DEVICE_FAMILY = "1,2";
				TEST_TARGET_NAME = STMDemoApp;
			};
			name = Debug;
		};
		D6F8AEAD25492956002F71E4 /* Release */ = {
			isa = XCBuildConfiguration;
			buildSettings = {
				ALWAYS_EMBED_SWIFT_STANDARD_LIBRARIES = YES;
				CODE_SIGN_STYLE = Automatic;
				INFOPLIST_FILE = STMDemoAppUITests/Info.plist;
				LD_RUNPATH_SEARCH_PATHS = (
					"$(inherited)",
					"@executable_path/Frameworks",
					"@loader_path/Frameworks",
				);
				PRODUCT_BUNDLE_IDENTIFIER = Anonymous.STMDemoAppUITests;
				PRODUCT_NAME = "$(TARGET_NAME)";
				SWIFT_VERSION = 5.0;
				TARGETED_DEVICE_FAMILY = "1,2";
				TEST_TARGET_NAME = STMDemoApp;
			};
			name = Release;
		};
/* End XCBuildConfiguration section */

/* Begin XCConfigurationList section */
		D6F8AE7625492954002F71E4 /* Build configuration list for PBXProject "STMDemoApp" */ = {
			isa = XCConfigurationList;
			buildConfigurations = (
				D6F8AEA325492956002F71E4 /* Debug */,
				D6F8AEA425492956002F71E4 /* Release */,
			);
			defaultConfigurationIsVisible = 0;
			defaultConfigurationName = Release;
		};
		D6F8AEA525492956002F71E4 /* Build configuration list for PBXNativeTarget "STMDemoApp" */ = {
			isa = XCConfigurationList;
			buildConfigurations = (
				D6F8AEA625492956002F71E4 /* Debug */,
				D6F8AEA725492956002F71E4 /* Release */,
			);
			defaultConfigurationIsVisible = 0;
			defaultConfigurationName = Release;
		};
		D6F8AEA825492956002F71E4 /* Build configuration list for PBXNativeTarget "STMDemoAppTests" */ = {
			isa = XCConfigurationList;
			buildConfigurations = (
				D6F8AEA925492956002F71E4 /* Debug */,
				D6F8AEAA25492956002F71E4 /* Release */,
			);
			defaultConfigurationIsVisible = 0;
			defaultConfigurationName = Release;
		};
		D6F8AEAB25492956002F71E4 /* Build configuration list for PBXNativeTarget "STMDemoAppUITests" */ = {
			isa = XCConfigurationList;
			buildConfigurations = (
				D6F8AEAC25492956002F71E4 /* Debug */,
				D6F8AEAD25492956002F71E4 /* Release */,
			);
			defaultConfigurationIsVisible = 0;
			defaultConfigurationName = Release;
		};
/* End XCConfigurationList section */
	};
	rootObject = D6F8AE7325492954002F71E4 /* Project object */;
}
